
Microsoft Visual Studio Solution File, Format Version 12.00
# Visual Studio Version 17
VisualStudioVersion = 17.1.32407.343
MinimumVisualStudioVersion = 10.0.40219.1
Project("{FAE04EC0-301F-11D3-BF4B-00C04F79EFBC}") = "AccessModifiers", "AccessModifiers.csproj", "{D3A0632A-CA24-40E7-83D7-739255D4F057}"
EndProject
Global
	GlobalSection(SolutionConfigurationPlatforms) = preSolution
		Debug|Any CPU = Debug|Any CPU
		Release|Any CPU = Release|Any CPU
	EndGlobalSection
	GlobalSection(ProjectConfigurationPlatforms) = postSolution
		{D3A0632A-CA24-40E7-83D7-739255D4F057}.Debug|Any CPU.ActiveCfg = Debug|Any CPU
		{D3A0632A-CA24-40E7-83D7-739255D4F057}.Debug|Any CPU.Build.0 = Debug|Any CPU
		{D3A0632A-CA24-40E7-83D7-739255D4F057}.Release|Any CPU.ActiveCfg = Release|Any CPU
		{D3A0632A-CA24-40E7-83D7-739255D4F057}.Release|Any CPU.Build.0 = Release|Any CPU
	EndGlobalSection
	GlobalSection(SolutionProperties) = preSolution
		HideSolutionNode = FALSE
	EndGlobalSection
	GlobalSection(ExtensibilityGlobals) = postSolution
		SolutionGuid = {F532D2D1-1E5B-42BD-A89B-B51DB4B73256}
	EndGlobalSection
EndGlobal
